PODS:
  - LocalizeNIB (1.1)
  - SwiftLint (0.29.3)

DEPENDENCIES:
  - LocalizeNIB (from `../`)
  - SwiftLint

SPEC REPOS:
  https://github.com/cocoapods/specs.git:
    - SwiftLint

EXTERNAL SOURCES:
  LocalizeNIB:
    :path: "../"

SPEC CHECKSUMS:
  LocalizeNIB: 54724c091d181c72cbba4da525a5cfd8fa5089cb
  SwiftLint: bfa7ca7b4d170cfaf0d236ca3ffd969e88a2f002

PODFILE CHECKSUM: 5da31c111c6bb7b201ceeff38361dee055a79d8b

COCOAPODS: 1.6.0.beta.2
